// !$*UTF8*$!
{
	archiveVersion = 1;
	classes = {
	};
	objectVersion = 50;
	objects = {

/* Begin PBXBuildFile section */
		88E66065260CF39F0018DD17 /* FructusApp.swift in Sources */ = {isa = PBXBuildFile; fileRef = 88E66064260CF39F0018DD17 /* FructusApp.swift */; };
		88E66067260CF39F0018DD17 /* ContentView.swift in Sources */ = {isa = PBXBuildFile; fileRef = 88E66066260CF39F0018DD17 /* ContentView.swift */; };
		88E66069260CF3A20018DD17 /* Assets.xcassets in Resources */ = {isa = PBXBuildFile; fileRef = 88E66068260CF3A20018DD17 /* Assets.xcassets */; };
		88E6606C260CF3A20018DD17 /* Preview Assets.xcassets in Resources */ = {isa = PBXBuildFile; fileRef = 88E6606B260CF3A20018DD17 /* Preview Assets.xcassets */; };
		88E66079260CFC210018DD17 /* FruitCardView.swift in Sources */ = {isa = PBXBuildFile; fileRef = 88E66078260CFC210018DD17 /* FruitCardView.swift */; };
		88E6607D260D01940018DD17 /* StartButtonView.swift in Sources */ = {isa = PBXBuildFile; fileRef = 88E6607C260D01940018DD17 /* StartButtonView.swift */; };
		88E66080260D08280018DD17 /* OnboardingView.swift in Sources */ = {isa = PBXBuildFile; fileRef = 88E6607F260D08280018DD17 /* OnboardingView.swift */; };
		88E66084260D0A360018DD17 /* FruitModel.swift in Sources */ = {isa = PBXBuildFile; fileRef = 88E66083260D0A360018DD17 /* FruitModel.swift */; };
		88E66088260D0B510018DD17 /* FruitData.swift in Sources */ = {isa = PBXBuildFile; fileRef = 88E66087260D0B510018DD17 /* FruitData.swift */; };
		88E6608C260D17760018DD17 /* FruitRowView.swift in Sources */ = {isa = PBXBuildFile; fileRef = 88E6608B260D17760018DD17 /* FruitRowView.swift */; };
		88E6608F260D2C0E0018DD17 /* FruitDetailView.swift in Sources */ = {isa = PBXBuildFile; fileRef = 88E6608E260D2C0E0018DD17 /* FruitDetailView.swift */; };
		88E66092260D307F0018DD17 /* FruitHeaderView.swift in Sources */ = {isa = PBXBuildFile; fileRef = 88E66091260D307F0018DD17 /* FruitHeaderView.swift */; };
		88E66095260D33F60018DD17 /* SourceLinkView.swift in Sources */ = {isa = PBXBuildFile; fileRef = 88E66094260D33F60018DD17 /* SourceLinkView.swift */; };
		88E66098260D3A310018DD17 /* FruitNutrientsView.swift in Sources */ = {isa = PBXBuildFile; fileRef = 88E66097260D3A310018DD17 /* FruitNutrientsView.swift */; };
		88E6609B260D41270018DD17 /* SettingsView.swift in Sources */ = {isa = PBXBuildFile; fileRef = 88E6609A260D41270018DD17 /* SettingsView.swift */; };
		88E6609F260D477B0018DD17 /* SettingsLabelView.swift in Sources */ = {isa = PBXBuildFile; fileRef = 88E6609E260D477B0018DD17 /* SettingsLabelView.swift */; };
		88E660A2260DF6590018DD17 /* SettingsRowView.swift in Sources */ = {isa = PBXBuildFile; fileRef = 88E660A1260DF6590018DD17 /* SettingsRowView.swift */; };
/* End PBXBuildFile section */

/* Begin PBXFileReference section */
		88E66061260CF39F0018DD17 /* Fructus.app */ = {isa = PBXFileReference; explicitFileType = wrapper.application; includeInIndex = 0; path = Fructus.app; sourceTree = BUILT_PRODUCTS_DIR; };
		88E66064260CF39F0018DD17 /* FructusApp.swift */ = {isa = PBXFileReference; lastKnownFileType = sourcecode.swift; path = FructusApp.swift; sourceTree = "<group>"; };
		88E66066260CF39F0018DD17 /* ContentView.swift */ = {isa = PBXFileReference; lastKnownFileType = sourcecode.swift; path = ContentView.swift; sourceTree = "<group>"; };
		88E66068260CF3A20018DD17 /* Assets.xcassets */ = {isa = PBXFileReference; lastKnownFileType = folder.assetcatalog; path = Assets.xcassets; sourceTree = "<group>"; };
		88E6606B260CF3A20018DD17 /* Preview Assets.xcassets */ = {isa = PBXFileReference; lastKnownFileType = folder.assetcatalog; path = "Preview Assets.xcassets"; sourceTree = "<group>"; };
		88E6606D260CF3A20018DD17 /* Info.plist */ = {isa = PBXFileReference; lastKnownFileType = text.plist.xml; path = Info.plist; sourceTree = "<group>"; };
		88E66078260CFC210018DD17 /* FruitCardView.swift */ = {isa = PBXFileReference; lastKnownFileType = sourcecode.swift; path = FruitCardView.swift; sourceTree = "<group>"; };
		88E6607C260D01940018DD17 /* StartButtonView.swift */ = {isa = PBXFileReference; lastKnownFileType = sourcecode.swift; path = StartButtonView.swift; sourceTree = "<group>"; };
		88E6607F260D08280018DD17 /* OnboardingView.swift */ = {isa = PBXFileReference; lastKnownFileType = sourcecode.swift; path = OnboardingView.swift; sourceTree = "<group>"; };
		88E66083260D0A360018DD17 /* FruitModel.swift */ = {isa = PBXFileReference; lastKnownFileType = sourcecode.swift; path = FruitModel.swift; sourceTree = "<group>"; };
		88E66087260D0B510018DD17 /* FruitData.swift */ = {isa = PBXFileReference; lastKnownFileType = sourcecode.swift; path = FruitData.swift; sourceTree = "<group>"; };
		88E6608B260D17760018DD17 /* FruitRowView.swift */ = {isa = PBXFileReference; lastKnownFileType = sourcecode.swift; path = FruitRowView.swift; sourceTree = "<group>"; };
		88E6608E260D2C0E0018DD17 /* FruitDetailView.swift */ = {isa = PBXFileReference; lastKnownFileType = sourcecode.swift; path = FruitDetailView.swift; sourceTree = "<group>"; };
		88E66091260D307F0018DD17 /* FruitHeaderView.swift */ = {isa = PBXFileReference; lastKnownFileType = sourcecode.swift; path = FruitHeaderView.swift; sourceTree = "<group>"; };
		88E66094260D33F60018DD17 /* SourceLinkView.swift */ = {isa = PBXFileReference; lastKnownFileType = sourcecode.swift; path = SourceLinkView.swift; sourceTree = "<group>"; };
		88E66097260D3A310018DD17 /* FruitNutrientsView.swift */ = {isa = PBXFileReference; lastKnownFileType = sourcecode.swift; path = FruitNutrientsView.swift; sourceTree = "<group>"; };
		88E6609A260D41270018DD17 /* SettingsView.swift */ = {isa = PBXFileReference; lastKnownFileType = sourcecode.swift; path = SettingsView.swift; sourceTree = "<group>"; };
		88E6609E260D477B0018DD17 /* SettingsLabelView.swift */ = {isa = PBXFileReference; lastKnownFileType = sourcecode.swift; path = SettingsLabelView.swift; sourceTree = "<group>"; };
		88E660A1260DF6590018DD17 /* SettingsRowView.swift */ = {isa = PBXFileReference; lastKnownFileType = sourcecode.swift; path = SettingsRowView.swift; sourceTree = "<group>"; };
/* End PBXFileReference section */

/* Begin PBXFrameworksBuildPhase section */
		88E6605E260CF39F0018DD17 /* Frameworks */ = {
			isa = PBXFrameworksBuildPhase;
			buildActionMask = 2147483647;
			files = (
			);
			runOnlyForDeploymentPostprocessing = 0;
		};
/* End PBXFrameworksBuildPhase section */

/* Begin PBXGroup section */
		88E66058260CF39F0018DD17 = {
			isa = PBXGroup;
			children = (
				88E66063260CF39F0018DD17 /* Fructus */,
				88E66062260CF39F0018DD17 /* Products */,
			);
			sourceTree = "<group>";
		};
		88E66062260CF39F0018DD17 /* Products */ = {
			isa = PBXGroup;
			children = (
				88E66061260CF39F0018DD17 /* Fructus.app */,
			);
			name = Products;
			sourceTree = "<group>";
		};
		88E66063260CF39F0018DD17 /* Fructus */ = {
			isa = PBXGroup;
			children = (
				88E66075260CFB960018DD17 /* App */,
				88E66077260CFBF10018DD17 /* View */,
				88E66086260D0B390018DD17 /* Data */,
				88E66082260D0A1A0018DD17 /* Model */,
				88E66068260CF3A20018DD17 /* Assets.xcassets */,
				88E6606D260CF3A20018DD17 /* Info.plist */,
				88E6606A260CF3A20018DD17 /* Preview Content */,
			);
			path = Fructus;
			sourceTree = "<group>";
		};
		88E6606A260CF3A20018DD17 /* Preview Content */ = {
			isa = PBXGroup;
			children = (
				88E6606B260CF3A20018DD17 /* Preview Assets.xcassets */,
			);
			path = "Preview Content";
			sourceTree = "<group>";
		};
		88E66075260CFB960018DD17 /* App */ = {
			isa = PBXGroup;
			children = (
				88E66064260CF39F0018DD17 /* FructusApp.swift */,
				88E66066260CF39F0018DD17 /* ContentView.swift */,
				88E6607F260D08280018DD17 /* OnboardingView.swift */,
				88E6608E260D2C0E0018DD17 /* FruitDetailView.swift */,
				88E6609A260D41270018DD17 /* SettingsView.swift */,
			);
			path = App;
			sourceTree = "<group>";
		};
		88E66077260CFBF10018DD17 /* View */ = {
			isa = PBXGroup;
			children = (
				88E66078260CFC210018DD17 /* FruitCardView.swift */,
				88E6607C260D01940018DD17 /* StartButtonView.swift */,
				88E6608B260D17760018DD17 /* FruitRowView.swift */,
				88E66091260D307F0018DD17 /* FruitHeaderView.swift */,
				88E66094260D33F60018DD17 /* SourceLinkView.swift */,
				88E66097260D3A310018DD17 /* FruitNutrientsView.swift */,
				88E6609E260D477B0018DD17 /* SettingsLabelView.swift */,
				88E660A1260DF6590018DD17 /* SettingsRowView.swift */,
			);
			path = View;
			sourceTree = "<group>";
		};
		88E66082260D0A1A0018DD17 /* Model */ = {
			isa = PBXGroup;
			children = (
				88E66083260D0A360018DD17 /* FruitModel.swift */,
			);
			path = Model;
			sourceTree = "<group>";
		};
		88E66086260D0B390018DD17 /* Data */ = {
			isa = PBXGroup;
			children = (
				88E66087260D0B510018DD17 /* FruitData.swift */,
			);
			path = Data;
			sourceTree = "<group>";
		};
/* End PBXGroup section */

/* Begin PBXNativeTarget section */
		88E66060260CF39F0018DD17 /* Fructus */ = {
			isa = PBXNativeTarget;
			buildConfigurationList = 88E66070260CF3A20018DD17 /* Build configuration list for PBXNativeTarget "Fructus" */;
			buildPhases = (
				88E6605D260CF39F0018DD17 /* Sources */,
				88E6605E260CF39F0018DD17 /* Frameworks */,
				88E6605F260CF39F0018DD17 /* Resources */,
			);
			buildRules = (
			);
			dependencies = (
			);
			name = Fructus;
			productName = Fructus;
			productReference = 88E66061260CF39F0018DD17 /* Fructus.app */;
			productType = "com.apple.product-type.application";
		};
/* End PBXNativeTarget section */

/* Begin PBXProject section */
		88E66059260CF39F0018DD17 /* Project object */ = {
			isa = PBXProject;
			attributes = {
				LastSwiftUpdateCheck = 1240;
				LastUpgradeCheck = 1240;
				TargetAttributes = {
					88E66060260CF39F0018DD17 = {
						CreatedOnToolsVersion = 12.4;
					};
				};
			};
			buildConfigurationList = 88E6605C260CF39F0018DD17 /* Build configuration list for PBXProject "Fructus" */;
			compatibilityVersion = "Xcode 9.3";
			developmentRegion = en;
			hasScannedForEncodings = 0;
			knownRegions = (
				en,
				Base,
			);
			mainGroup = 88E66058260CF39F0018DD17;
			productRefGroup = 88E66062260CF39F0018DD17 /* Products */;
			projectDirPath = "";
			projectRoot = "";
			targets = (
				88E66060260CF39F0018DD17 /* Fructus */,
			);
		};
/* End PBXProject section */

/* Begin PBXResourcesBuildPhase section */
		88E6605F260CF39F0018DD17 /* Resources */ = {
			isa = PBXResourcesBuildPhase;
			buildActionMask = 2147483647;
			files = (
				88E6606C260CF3A20018DD17 /* Preview Assets.xcassets in Resources */,
				88E66069260CF3A20018DD17 /* Assets.xcassets in Resources */,
			);
			runOnlyForDeploymentPostprocessing = 0;
		};
/* End PBXResourcesBuildPhase section */

/* Begin PBXSourcesBuildPhase section */
		88E6605D260CF39F0018DD17 /* Sources */ = {
			isa = PBXSourcesBuildPhase;
			buildActionMask = 2147483647;
			files = (
				88E66088260D0B510018DD17 /* FruitData.swift in Sources */,
				88E66095260D33F60018DD17 /* SourceLinkView.swift in Sources */,
				88E660A2260DF6590018DD17 /* SettingsRowView.swift in Sources */,
				88E66079260CFC210018DD17 /* FruitCardView.swift in Sources */,
				88E6608C260D17760018DD17 /* FruitRowView.swift in Sources */,
				88E66098260D3A310018DD17 /* FruitNutrientsView.swift in Sources */,
				88E6607D260D01940018DD17 /* StartButtonView.swift in Sources */,
				88E6608F260D2C0E0018DD17 /* FruitDetailView.swift in Sources */,
				88E66067260CF39F0018DD17 /* ContentView.swift in Sources */,
				88E66092260D307F0018DD17 /* FruitHeaderView.swift in Sources */,
				88E66080260D08280018DD17 /* OnboardingView.swift in Sources */,
				88E6609F260D477B0018DD17 /* SettingsLabelView.swift in Sources */,
				88E66084260D0A360018DD17 /* FruitModel.swift in Sources */,
				88E66065260CF39F0018DD17 /* FructusApp.swift in Sources */,
				88E6609B260D41270018DD17 /* SettingsView.swift in Sources */,
			);
			runOnlyForDeploymentPostprocessing = 0;
		};
/* End PBXSourcesBuildPhase section */

/* Begin XCBuildConfiguration section */
		88E6606E260CF3A20018DD17 /* Debug */ = {
			isa = XCBuildConfiguration;
			buildSettings = {
				ALWAYS_SEARCH_USER_PATHS = NO;
				CLANG_ANALYZER_NONNULL = YES;
				CLANG_ANALYZER_NUMBER_OBJECT_CONVERSION = YES_AGGRESSIVE;
				CLANG_CXX_LANGUAGE_STANDARD = "gnu++14";
				CLANG_CXX_LIBRARY = "libc++";
				CLANG_ENABLE_MODULES = YES;
				CLANG_ENABLE_OBJC_ARC = YES;
				CLANG_ENABLE_OBJC_WEAK = YES;
				CLANG_WARN_BLOCK_CAPTURE_AUTORELEASING = YES;
				CLANG_WARN_BOOL_CONVERSION = YES;
				CLANG_WARN_COMMA = YES;
				CLANG_WARN_CONSTANT_CONVERSION = YES;
				CLANG_WARN_DEPRECATED_OBJC_IMPLEMENTATIONS = YES;
				CLANG_WARN_DIRECT_OBJC_ISA_USAGE = YES_ERROR;
				CLANG_WARN_DOCUMENTATION_COMMENTS = YES;
				CLANG_WARN_EMPTY_BODY = YES;
				CLANG_WARN_ENUM_CONVERSION = YES;
				CLANG_WARN_INFINITE_RECURSION = YES;
				CLANG_WARN_INT_CONVERSION = YES;
				CLANG_WARN_NON_LITERAL_NULL_CONVERSION = YES;
				CLANG_WARN_OBJC_IMPLICIT_RETAIN_SELF = YES;
				CLANG_WARN_OBJC_LITERAL_CONVERSION = YES;
				CLANG_WARN_OBJC_ROOT_CLASS = YES_ERROR;
				CLANG_WARN_QUOTED_INCLUDE_IN_FRAMEWORK_HEADER = YES;
				CLANG_WARN_RANGE_LOOP_ANALYSIS = YES;
				CLANG_WARN_STRICT_PROTOTYPES = YES;
				CLANG_WARN_SUSPICIOUS_MOVE = YES;
				CLANG_WARN_UNGUARDED_AVAILABILITY = YES_AGGRESSIVE;
				CLANG_WARN_UNREACHABLE_CODE = YES;
				CLANG_WARN__DUPLICATE_METHOD_MATCH = YES;
				COPY_PHASE_STRIP = NO;
				DEBUG_INFORMATION_FORMAT = dwarf;
				ENABLE_STRICT_OBJC_MSGSEND = YES;
				ENABLE_TESTABILITY = YES;
				GCC_C_LANGUAGE_STANDARD = gnu11;
				GCC_DYNAMIC_NO_PIC = NO;
				GCC_NO_COMMON_BLOCKS = YES;
				GCC_OPTIMIZATION_LEVEL = 0;
				GCC_PREPROCESSOR_DEFINITIONS = (
					"DEBUG=1",
					"$(inherited)",
				);
				GCC_WARN_64_TO_32_BIT_CONVERSION = YES;
				GCC_WARN_ABOUT_RETURN_TYPE = YES_ERROR;
				GCC_WARN_UNDECLARED_SELECTOR = YES;
				GCC_WARN_UNINITIALIZED_AUTOS = YES_AGGRESSIVE;
				GCC_WARN_UNUSED_FUNCTION = YES;
				GCC_WARN_UNUSED_VARIABLE = YES;
				IPHONEOS_DEPLOYMENT_TARGET = 14.4;
				MTL_ENABLE_DEBUG_INFO = INCLUDE_SOURCE;
				MTL_FAST_MATH = YES;
				ONLY_ACTIVE_ARCH = YES;
				SDKROOT = iphoneos;
				SWIFT_ACTIVE_COMPILATION_CONDITIONS = DEBUG;
				SWIFT_OPTIMIZATION_LEVEL = "-Onone";
			};
			name = Debug;
		};
		88E6606F260CF3A20018DD17 /* Release */ = {
			isa = XCBuildConfiguration;
			buildSettings = {
				ALWAYS_SEARCH_USER_PATHS = NO;
				CLANG_ANALYZER_NONNULL = YES;
				CLANG_ANALYZER_NUMBER_OBJECT_CONVERSION = YES_AGGRESSIVE;
				CLANG_CXX_LANGUAGE_STANDARD = "gnu++14";
				CLANG_CXX_LIBRARY = "libc++";
				CLANG_ENABLE_MODULES = YES;
				CLANG_ENABLE_OBJC_ARC = YES;
				CLANG_ENABLE_OBJC_WEAK = YES;
				CLANG_WARN_BLOCK_CAPTURE_AUTORELEASING = YES;
				CLANG_WARN_BOOL_CONVERSION = YES;
				CLANG_WARN_COMMA = YES;
				CLANG_WARN_CONSTANT_CONVERSION = YES;
				CLANG_WARN_DEPRECATED_OBJC_IMPLEMENTATIONS = YES;
				CLANG_WARN_DIRECT_OBJC_ISA_USAGE = YES_ERROR;
				CLANG_WARN_DOCUMENTATION_COMMENTS = YES;
				CLANG_WARN_EMPTY_BODY = YES;
				CLANG_WARN_ENUM_CONVERSION = YES;
				CLANG_WARN_INFINITE_RECURSION = YES;
				CLANG_WARN_INT_CONVERSION = YES;
				CLANG_WARN_NON_LITERAL_NULL_CONVERSION = YES;
				CLANG_WARN_OBJC_IMPLICIT_RETAIN_SELF = YES;
				CLANG_WARN_OBJC_LITERAL_CONVERSION = YES;
				CLANG_WARN_OBJC_ROOT_CLASS = YES_ERROR;
				CLANG_WARN_QUOTED_INCLUDE_IN_FRAMEWORK_HEADER = YES;
				CLANG_WARN_RANGE_LOOP_ANALYSIS = YES;
				CLANG_WARN_STRICT_PROTOTYPES = YES;
				CLANG_WARN_SUSPICIOUS_MOVE = YES;
				CLANG_WARN_UNGUARDED_AVAILABILITY = YES_AGGRESSIVE;
				CLANG_WARN_UNREACHABLE_CODE = YES;
				CLANG_WARN__DUPLICATE_METHOD_MATCH = YES;
				COPY_PHASE_STRIP = NO;
				DEBUG_INFORMATION_FORMAT = "dwarf-with-dsym";
				ENABLE_NS_ASSERTIONS = NO;
				ENABLE_STRICT_OBJC_MSGSEND = YES;
				GCC_C_LANGUAGE_STANDARD = gnu11;
				GCC_NO_COMMON_BLOCKS = YES;
				GCC_WARN_64_TO_32_BIT_CONVERSION = YES;
				GCC_WARN_ABOUT_RETURN_TYPE = YES_ERROR;
				GCC_WARN_UNDECLARED_SELECTOR = YES;
				GCC_WARN_UNINITIALIZED_AUTOS = YES_AGGRESSIVE;
				GCC_WARN_UNUSED_FUNCTION = YES;
				GCC_WARN_UNUSED_VARIABLE = YES;
				IPHONEOS_DEPLOYMENT_TARGET = 14.4;
				MTL_ENABLE_DEBUG_INFO = NO;
				MTL_FAST_MATH = YES;
				SDKROOT = iphoneos;
				SWIFT_COMPILATION_MODE = wholemodule;
				SWIFT_OPTIMIZATION_LEVEL = "-O";
				VALIDATE_PRODUCT = YES;
			};
			name = Release;
		};
		88E66071260CF3A20018DD17 /* Debug */ = {
			isa = XCBuildConfiguration;
			buildSettings = {
				ASSETCATALOG_COMPILER_APPICON_NAME = AppIcon;
				ASSETCATALOG_COMPILER_GLOBAL_ACCENT_COLOR_NAME = AccentColor;
				CODE_SIGN_STYLE = Automatic;
				DEVELOPMENT_ASSET_PATHS = "\"Fructus/Preview Content\"";
				DEVELOPMENT_TEAM = "";
				ENABLE_PREVIEWS = YES;
				INFOPLIST_FILE = Fructus/Info.plist;
				IPHONEOS_DEPLOYMENT_TARGET = 14.0;
				LD_RUNPATH_SEARCH_PATHS = (
					"$(inherited)",
					"@executable_path/Frameworks",
				);
				PRODUCT_BUNDLE_IDENTIFIER = com.yusufcaglar.Fructus;
				PRODUCT_NAME = "$(TARGET_NAME)";
				SWIFT_VERSION = 5.0;
				TARGETED_DEVICE_FAMILY = "1,2";
			};
			name = Debug;
		};
		88E66072260CF3A20018DD17 /* Release */ = {
			isa = XCBuildConfiguration;
			buildSettings = {
				ASSETCATALOG_COMPILER_APPICON_NAME = AppIcon;
				ASSETCATALOG_COMPILER_GLOBAL_ACCENT_COLOR_NAME = AccentColor;
				CODE_SIGN_STYLE = Automatic;
				DEVELOPMENT_ASSET_PATHS = "\"Fructus/Preview Content\"";
				DEVELOPMENT_TEAM = "";
				ENABLE_PREVIEWS = YES;
				INFOPLIST_FILE = Fructus/Info.plist;
				IPHONEOS_DEPLOYMENT_TARGET = 14.0;
				LD_RUNPATH_SEARCH_PATHS = (
					"$(inherited)",
					"@executable_path/Frameworks",
				);
				PRODUCT_BUNDLE_IDENTIFIER = com.yusufcaglar.Fructus;
				PRODUCT_NAME = "$(TARGET_NAME)";
				SWIFT_VERSION = 5.0;
				TARGETED_DEVICE_FAMILY = "1,2";
			};
			name = Release;
		};
/* End XCBuildConfiguration section */

/* Begin XCConfigurationList section */
		88E6605C260CF39F0018DD17 /* Build configuration list for PBXProject "Fructus" */ = {
			isa = XCConfigurationList;
			buildConfigurations = (
				88E6606E260CF3A20018DD17 /* Debug */,
				88E6606F260CF3A20018DD17 /* Release */,
			);
			defaultConfigurationIsVisible = 0;
			defaultConfigurationName = Release;
		};
		88E66070260CF3A20018DD17 /* Build configuration list for PBXNativeTarget "Fructus" */ = {
			isa = XCConfigurationList;
			buildConfigurations = (
				88E66071260CF3A20018DD17 /* Debug */,
				88E66072260CF3A20018DD17 /* Release */,
			);
			defaultConfigurationIsVisible = 0;
			defaultConfigurationName = Release;
		};
/* End XCConfigurationList section */
	};
	rootObject = 88E66059260CF39F0018DD17 /* Project object */;
}
